<Solution>
  <Folder Name="/Core/">
    <Project Path="Core/MissionPlanner.Core/MissionPlanner.Core.csproj" />
    <Project Path="Core/MissionPlanner.Firmware/MissionPlanner.Firmware.csproj" />
    <Project Path="Core/MissionPlanner.Maps/MissionPlanner.Maps.csproj" />
    <Project Path="Core/MissionPlanner.MavLink/MissionPlanner.MavLink.csproj" />
    <Project Path="Core/MissionPlanner.Shared.Models/MissionPlanner.Shared.Models.csproj" />
    <Project Path="Core/MissionPlanner.Simulation/MissionPlanner.Simulation.csproj" />
    <Project Path="Core/MissionPlanner.Transport/MissionPlanner.Transport.csproj" />
  </Folder>
  <Folder Name="/Docs/">
    <File Path="../docs/AGENTS.md" />
    <File Path="../docs/AI.md" />
    <File Path="../docs/ARCHITECTURE_DECISION_RECORDS.md" />
    <File Path="../docs/CALIBRATION.md" />
    <File Path="../docs/CODEX.md" />
    <File Path="../docs/CUBELAN.md" />
    <File Path="../docs/DESIGN_CONCEPTS.md" />
    <File Path="../docs/FEATURES.md" />
    <File Path="../docs/FIRMWARE.md" />
    <File Path="../docs/flightdata-actions-parity.md" />
    <File Path="../docs/FLIGHT_DATA.md" />
    <File Path="../docs/KNOWN_TEST_FAILURES.md" />
    <File Path="../docs/MAPS.md" />
    <File Path="../docs/MAPS_PLATFORM_VERIFICATION.md" />
    <File Path="../docs/AVALONIA_DIALOG_LIFECYCLE.md" />
    <File Path="../docs/MAVFTP.md" />
    <File Path="../docs/mavlink-promotion-catalog.json" />
    <File Path="../docs/MAVLINK.md" />
    <File Path="../docs/MAVLINK_DOMAIN_PROMOTION.md" />
    <File Path="../docs/MISSIONS.md" />
    <File Path="../docs/OPTIONAL_HARDWARE.md" />
    <File Path="../docs/PARAMETERS.md" />
    <File Path="../docs/PLANNER_SETTINGS.md" />
    <File Path="../docs/README.md" />
    <File Path="../docs/SERILOG_QUICKSTART.md" />
    <File Path="../docs/SIMULATION.md" />
    <File Path="../docs/Theming.md" />
    <File Path="../docs/UI_VIEW_LIFECYCLE_AND_NAVIGATION.md" />
    <File Path="../docs/VEHICLE_CONNECTION.md" />
    <File Path="../docs/VEHICLE_SCRIPTS.md" />
  </Folder>
  <Folder Name="/Platforms/">
    <Project Path="Platforms/MissionPlanner.Browser/MissionPlanner.Browser.csproj" />
    <Project Path="Platforms/MissionPlanner.Desktop/MissionPlanner.Desktop.csproj" />
  </Folder>
  <Folder Name="/Libraries/">
    <Project Path="Libraries/MissionPlanner.Library/MissionPlanner.Library.csproj" />
  </Folder>
  <Folder Name="/Solution Items/">
    <File Path=".editorconfig" />
    <File Path="Directory.Build.props" />
    <File Path="Directory.Packages.props" />
  </Folder>
  <Folder Name="/Tests/">
    <Project Path="Tests/MissionPlanner.AvaloniaUI.Tests/MissionPlanner.AvaloniaUI.Tests.csproj" />
    <Project Path="Tests/MissionPlanner.Core.Tests/MissionPlanner.Core.Tests.csproj" />
    <Project Path="Tests/MissionPlanner.Firmware.Tests/MissionPlanner.Firmware.Tests.csproj" />
    <Project Path="Tests/MissionPlanner.Smoke.Simulator.Tests/MissionPlanner.Smoke.Simulator.Tests.csproj" />
    <Project Path="Tests/MissionPlanner.Test.Support/MissionPlanner.Test.Support.csproj" />
    <Project Path="Tests/MissionPlanner.Tests/MissionPlanner.Tests.csproj" />
  </Folder>
  <Folder Name="/Tools/">
    <Project Path="Tools/MissionPlanner.MavLink.Generator/MissionPlanner.MavLink.Generator.csproj" />
    <Project Path="Tools/MissionPlanner.Simulator/MissionPlanner.Simulator.csproj" />
  </Folder>
  <Folder Name="/UI/">
    <Project Path="UI/MissionPlanner.App/MissionPlanner.App.csproj" />
    <Project Path="UI/MissionPlanner.Library.Browser/MissionPlanner.Library.Browser.csproj" />
    <Project Path="UI/MissionPlanner.Library.Linux/MissionPlanner.Library.Linux.csproj" />
    <Project Path="UI/MissionPlanner.Library.MacOs/MissionPlanner.Library.MacOs.csproj" />
    <Project Path="UI/MissionPlanner.Library.Windows/MissionPlanner.Library.Windows.csproj" />
  </Folder>
</Solution>
